PODS:
  - better_open_file (0.0.1):
    - Flutter
  - Flutter (1.0.0)

DEPENDENCIES:
  - better_open_file (from `.symlinks/plugins/better_open_file/ios`)
  - Flutter (from `Flutter`)

EXTERNAL SOURCES:
  better_open_file:
    :path: ".symlinks/plugins/better_open_file/ios"
  Flutter:
    :path: Flutter

SPEC CHECKSUMS:
  better_open_file: 03cf320415d4d3f46b6e00adc4a567d76c1a399d
  Flutter: f04841e97a9d0b0a8025694d0796dd46242b2854

PODFILE CHECKSUM: ef19549a9bc3046e7bb7d2fab4d021637c0c58a3

COCOAPODS: 1.11.3
